
Microsoft Visual Studio Solution File, Format Version 12.00
# Visual Studio 15
VisualStudioVersion = 15.0.28307.1622
MinimumVisualStudioVersion = 10.0.40219.1
Project("{8BC9CEB8-8B4A-11D0-8D11-00A0C91BC942}") = "SwitchCaseString", "SwitchCaseString\SwitchCaseString.vcxproj", "{E6850078-E5F2-4D0D-85C4-21821517FDF0}"
EndProject
Global
	GlobalSection(SolutionConfigurationPlatforms) = preSolution
		Debug|x64 = Debug|x64
		Debug|x86 = Debug|x86
		Release|x64 = Release|x64
		Release|x86 = Release|x86
	EndGlobalSection
	GlobalSection(ProjectConfigurationPlatforms) = postSolution
		{E6850078-E5F2-4D0D-85C4-21821517FDF0}.Debug|x64.ActiveCfg = Debug|x64
		{E6850078-E5F2-4D0D-85C4-21821517FDF0}.Debug|x64.Build.0 = Debug|x64
		{E6850078-E5F2-4D0D-85C4-21821517FDF0}.Debug|x86.ActiveCfg = Debug|Win32
		{E6850078-E5F2-4D0D-85C4-21821517FDF0}.Debug|x86.Build.0 = Debug|Win32
		{E6850078-E5F2-4D0D-85C4-21821517FDF0}.Release|x64.ActiveCfg = Release|x64
		{E6850078-E5F2-4D0D-85C4-21821517FDF0}.Release|x64.Build.0 = Release|x64
		{E6850078-E5F2-4D0D-85C4-21821517FDF0}.Release|x86.ActiveCfg = Release|Win32
		{E6850078-E5F2-4D0D-85C4-21821517FDF0}.Release|x86.Build.0 = Release|Win32
	EndGlobalSection
	GlobalSection(SolutionProperties) = preSolution
		HideSolutionNode = FALSE
	EndGlobalSection
	GlobalSection(ExtensibilityGlobals) = postSolution
		SolutionGuid = {47EE5293-217B-4A23-AB4A-0CA4635F850D}
	EndGlobalSection
EndGlobal
